
Microsoft Visual Studio Solution File, Format Version 12.00
# Visual Studio Version 17
VisualStudioVersion = 17.2.32616.157
MinimumVisualStudioVersion = 10.0.40219.1
Project("{FAE04EC0-301F-11D3-BF4B-00C04F79EFBC}") = "Lab_11.1", "Lab_11.1.csproj", "{BEBA65D4-3AAD-4CC6-970F-B0CC546DF6C5}"
EndProject
Global
	GlobalSection(SolutionConfigurationPlatforms) = preSolution
		Debug|Any CPU = Debug|Any CPU
		Release|Any CPU = Release|Any CPU
	EndGlobalSection
	GlobalSection(ProjectConfigurationPlatforms) = postSolution
		{BEBA65D4-3AAD-4CC6-970F-B0CC546DF6C5}.Debug|Any CPU.ActiveCfg = Debug|Any CPU
		{BEBA65D4-3AAD-4CC6-970F-B0CC546DF6C5}.Debug|Any CPU.Build.0 = Debug|Any CPU
		{BEBA65D4-3AAD-4CC6-970F-B0CC546DF6C5}.Release|Any CPU.ActiveCfg = Release|Any CPU
		{BEBA65D4-3AAD-4CC6-970F-B0CC546DF6C5}.Release|Any CPU.Build.0 = Release|Any CPU
	EndGlobalSection
	GlobalSection(SolutionProperties) = preSolution
		HideSolutionNode = FALSE
	EndGlobalSection
	GlobalSection(ExtensibilityGlobals) = postSolution
		SolutionGuid = {82D51434-CE6C-431E-BC3D-66B58009AC84}
	EndGlobalSection
EndGlobal
