
Microsoft Visual Studio Solution File, Format Version 12.00
# Visual Studio Version 17
VisualStudioVersion = 17.7.34031.279
MinimumVisualStudioVersion = 10.0.40219.1
Project("{FAE04EC0-301F-11D3-BF4B-00C04F79EFBC}") = "MatchingGame", "MatchingGame\MatchingGame.csproj", "{8AA30995-E9E7-4E7A-8DCB-562ECDCCA28A}"
EndProject
Global
	GlobalSection(SolutionConfigurationPlatforms) = preSolution
		Debug|Any CPU = Debug|Any CPU
		Release|Any CPU = Release|Any CPU
	EndGlobalSection
	GlobalSection(ProjectConfigurationPlatforms) = postSolution
		{8AA30995-E9E7-4E7A-8DCB-562ECDCCA28A}.Debug|Any CPU.ActiveCfg = Debug|Any CPU
		{8AA30995-E9E7-4E7A-8DCB-562ECDCCA28A}.Debug|Any CPU.Build.0 = Debug|Any CPU
		{8AA30995-E9E7-4E7A-8DCB-562ECDCCA28A}.Release|Any CPU.ActiveCfg = Release|Any CPU
		{8AA30995-E9E7-4E7A-8DCB-562ECDCCA28A}.Release|Any CPU.Build.0 = Release|Any CPU
	EndGlobalSection
	GlobalSection(SolutionProperties) = preSolution
		HideSolutionNode = FALSE
	EndGlobalSection
	GlobalSection(ExtensibilityGlobals) = postSolution
		SolutionGuid = {D65C872B-627E-4A82-9CAD-E8FA80B644BD}
	EndGlobalSection
EndGlobal
