
Microsoft Visual Studio Solution File, Format Version 12.00
# Visual Studio Version 17
VisualStudioVersion = 17.7.34031.279
MinimumVisualStudioVersion = 10.0.40219.1
Project("{FAE04EC0-301F-11D3-BF4B-00C04F79EFBC}") = "Lab_8.2", "Lab_8.2\Lab_8.2.csproj", "{6A57CEA5-8B3E-4AD3-9AFA-C9CEAAC3D8ED}"
EndProject
Global
	GlobalSection(SolutionConfigurationPlatforms) = preSolution
		Debug|Any CPU = Debug|Any CPU
		Release|Any CPU = Release|Any CPU
	EndGlobalSection
	GlobalSection(ProjectConfigurationPlatforms) = postSolution
		{6A57CEA5-8B3E-4AD3-9AFA-C9CEAAC3D8ED}.Debug|Any CPU.ActiveCfg = Debug|Any CPU
		{6A57CEA5-8B3E-4AD3-9AFA-C9CEAAC3D8ED}.Debug|Any CPU.Build.0 = Debug|Any CPU
		{6A57CEA5-8B3E-4AD3-9AFA-C9CEAAC3D8ED}.Release|Any CPU.ActiveCfg = Release|Any CPU
		{6A57CEA5-8B3E-4AD3-9AFA-C9CEAAC3D8ED}.Release|Any CPU.Build.0 = Release|Any CPU
	EndGlobalSection
	GlobalSection(SolutionProperties) = preSolution
		HideSolutionNode = FALSE
	EndGlobalSection
	GlobalSection(ExtensibilityGlobals) = postSolution
		SolutionGuid = {42E3D137-E71C-4ACE-8582-02CFB31D4D9F}
	EndGlobalSection
EndGlobal
